
Microsoft Visual Studio Solution File, Format Version 12.00
# Visual Studio 15
VisualStudioVersion = 15.0.28307.136
MinimumVisualStudioVersion = 10.0.40219.1
Project("{FAE04EC0-301F-11D3-BF4B-00C04F79EFBC}") = "HotelDeBotel", "HotelDeBotel\HotelDeBotel.csproj", "{BA75A028-9957-43B8-ABAD-BD4C2364612E}"
EndProject
Project("{FAE04EC0-301F-11D3-BF4B-00C04F79EFBC}") = "HotelDeBotel.Tests", "HotelDeBotel.Tests\HotelDeBotel.Tests.csproj", "{4B249F23-B6FB-4AE5-9717-76CE861F2F2A}"
EndProject
Global
	GlobalSection(SolutionConfigurationPlatforms) = preSolution
		Debug|Any CPU = Debug|Any CPU
		Release|Any CPU = Release|Any CPU
	EndGlobalSection
	GlobalSection(ProjectConfigurationPlatforms) = postSolution
		{BA75A028-9957-43B8-ABAD-BD4C2364612E}.Debug|Any CPU.ActiveCfg = Debug|Any CPU
		{BA75A028-9957-43B8-ABAD-BD4C2364612E}.Debug|Any CPU.Build.0 = Debug|Any CPU
		{BA75A028-9957-43B8-ABAD-BD4C2364612E}.Release|Any CPU.ActiveCfg = Release|Any CPU
		{BA75A028-9957-43B8-ABAD-BD4C2364612E}.Release|Any CPU.Build.0 = Release|Any CPU
		{4B249F23-B6FB-4AE5-9717-76CE861F2F2A}.Debug|Any CPU.ActiveCfg = Debug|Any CPU
		{4B249F23-B6FB-4AE5-9717-76CE861F2F2A}.Debug|Any CPU.Build.0 = Debug|Any CPU
		{4B249F23-B6FB-4AE5-9717-76CE861F2F2A}.Release|Any CPU.ActiveCfg = Release|Any CPU
		{4B249F23-B6FB-4AE5-9717-76CE861F2F2A}.Release|Any CPU.Build.0 = Release|Any CPU
	EndGlobalSection
	GlobalSection(SolutionProperties) = preSolution
		HideSolutionNode = FALSE
	EndGlobalSection
	GlobalSection(ExtensibilityGlobals) = postSolution
		SolutionGuid = {8427A9C2-850A-4625-B116-6D0A9A07CF7D}
	EndGlobalSection
EndGlobal
